{
  "lockfile_version": "1",
  "packages": {
    "gh@latest": {
      "last_modified": "2026-07-23T05:10:05Z",
      "resolved": "github:NixOS/nixpkgs/7525d999cd850b9a488817abc89c75dc733acf17#gh",
      "source": "devbox-search",
      "version": "2.96.0",
      "systems": {
        "aarch64-darwin": {
          "outputs": [
            {
              "name": "out",
              "path": "/nix/store/fc59sg6h20yvm9hh589zawj0n4xvjkyv-gh-2.96.0",
              "default": true
            }
          ],
          "store_path": "/nix/store/fc59sg6h20yvm9hh589zawj0n4xvjkyv-gh-2.96.0"
        },
        "aarch64-linux": {
          "outputs": [
            {
              "name": "out",
              "path": "/nix/store/hhli6yr6kkcqb24v5rjw4wdi3dabbp2s-gh-2.96.0",
              "default": true
            }
          ],
          "store_path": "/nix/store/hhli6yr6kkcqb24v5rjw4wdi3dabbp2s-gh-2.96.0"
        },
        "x86_64-darwin": {
          "outputs": [
            {
              "name": "out",
              "path": "/nix/store/waa7fl1d466lkihg89p60iisjwynyfb7-gh-2.96.0",
              "default": true
            }
          ],
          "store_path": "/nix/store/waa7fl1d466lkihg89p60iisjwynyfb7-gh-2.96.0"
        },
        "x86_64-linux": {
          "outputs": [
            {
              "name": "out",
              "path": "/nix/store/9jyx6hrsjdcjx1gxmipj45bij5vzvq19-gh-2.96.0",
              "default": true
            }
          ],
          "store_path": "/nix/store/9jyx6hrsjdcjx1gxmipj45bij5vzvq19-gh-2.96.0"
        }
      }
    },
    "github:NixOS/nixpkgs/nixpkgs-unstable": {
      "last_modified": "2026-07-27T00:09:06Z",
      "resolved": "github:NixOS/nixpkgs/d3498f786f97ac0bded21b34bae0bf3809b45aa3?lastModified=1785110946&narHash=sha256-WWuWxmXKzGZWryswWlijP3Mjp6aGy4Ngmeil5nGMMjk%3D"
    },
    "gitleaks@latest": {
      "last_modified": "2026-07-23T05:10:05Z",
      "resolved": "github:NixOS/nixpkgs/7525d999cd850b9a488817abc89c75dc733acf17#gitleaks",
      "source": "devbox-search",
      "version": "8.30.1",
      "systems": {
        "aarch64-darwin": {
          "outputs": [
            {
              "name": "out",
              "path": "/nix/store/p96wfn299zs86d0zcfyxrz7mf9ria2bm-gitleaks-8.30.1",
              "default": true
            }
          ],
          "store_path": "/nix/store/p96wfn299zs86d0zcfyxrz7mf9ria2bm-gitleaks-8.30.1"
        },
        "aarch64-linux": {
          "outputs": [
            {
              "name": "out",
              "path": "/nix/store/8m0g0f7pdcvcy9cf8jf0bc71khdvpx0r-gitleaks-8.30.1",
              "default": true
            }
          ],
          "store_path": "/nix/store/8m0g0f7pdcvcy9cf8jf0bc71khdvpx0r-gitleaks-8.30.1"
        },
        "x86_64-darwin": {
          "outputs": [
            {
              "name": "out",
              "path": "/nix/store/v5x4dkl13y4nxhcaq4xmrwkidy44gv9p-gitleaks-8.30.1",
              "default": true
            }
          ],
          "store_path": "/nix/store/v5x4dkl13y4nxhcaq4xmrwkidy44gv9p-gitleaks-8.30.1"
        },
        "x86_64-linux": {
          "outputs": [
            {
              "name": "out",
              "path": "/nix/store/kxf74l5n0hlmbj16ki1fb3pz6rxl59ln-gitleaks-8.30.1",
              "default": true
            }
          ],
          "store_path": "/nix/store/kxf74l5n0hlmbj16ki1fb3pz6rxl59ln-gitleaks-8.30.1"
        }
      }
    },
    "kubernetes-helm@latest": {
      "last_modified": "2026-07-23T05:10:05Z",
      "resolved": "github:NixOS/nixpkgs/7525d999cd850b9a488817abc89c75dc733acf17#kubernetes-helm",
      "source": "devbox-search",
      "version": "4.2.3",
      "systems": {
        "aarch64-darwin": {
          "outputs": [
            {
              "name": "out",
              "path": "/nix/store/pskv3khyizrc09rnqrp6d0wn5pllripx-kubernetes-helm-4.2.3",
              "default": true
            }
          ],
          "store_path": "/nix/store/pskv3khyizrc09rnqrp6d0wn5pllripx-kubernetes-helm-4.2.3"
        },
        "aarch64-linux": {
          "outputs": [
            {
              "name": "out",
              "path": "/nix/store/k99lgyz9k814kr389jirpim37nqpi7qp-kubernetes-helm-4.2.3",
              "default": true
            }
          ],
          "store_path": "/nix/store/k99lgyz9k814kr389jirpim37nqpi7qp-kubernetes-helm-4.2.3"
        },
        "x86_64-linux": {
          "outputs": [
            {
              "name": "out",
              "path": "/nix/store/n1rbyfp9sn0r0gzx4z9lniisiad9h5yq-kubernetes-helm-4.2.3",
              "default": true
            }
          ],
          "store_path": "/nix/store/n1rbyfp9sn0r0gzx4z9lniisiad9h5yq-kubernetes-helm-4.2.3"
        }
      }
    },
    "python@3.11": {
      "last_modified": "2026-07-23T05:10:05Z",
      "plugin_version": "0.0.5",
      "resolved": "github:NixOS/nixpkgs/7525d999cd850b9a488817abc89c75dc733acf17#python311",
      "source": "devbox-search",
      "version": "3.11.15",
      "systems": {
        "aarch64-darwin": {
          "outputs": [
            {
              "name": "out",
              "path": "/nix/store/h1n32f0dr0gjbn7zd2z099limfs2mx8n-python3-3.11.15",
              "default": true
            }
          ],
          "store_path": "/nix/store/h1n32f0dr0gjbn7zd2z099limfs2mx8n-python3-3.11.15"
        },
        "aarch64-linux": {
          "outputs": [
            {
              "name": "out",
              "path": "/nix/store/asj9s0hip16rq2zl98pahzcyad9pllql-python3-3.11.15",
              "default": true
            },
            {
              "name": "debug",
              "path": "/nix/store/c4jbm67rlwf53bwzb2rzy8d94p4xgcd5-python3-3.11.15-debug"
            }
          ],
          "store_path": "/nix/store/asj9s0hip16rq2zl98pahzcyad9pllql-python3-3.11.15"
        },
        "x86_64-darwin": {
          "outputs": [
            {
              "name": "out",
              "path": "/nix/store/4w7i02q2kvwbhi4xmw14rkwbmv5s1h8n-python3-3.11.15",
              "default": true
            }
          ],
          "store_path": "/nix/store/4w7i02q2kvwbhi4xmw14rkwbmv5s1h8n-python3-3.11.15"
        },
        "x86_64-linux": {
          "outputs": [
            {
              "name": "out",
              "path": "/nix/store/m32vvvdbf03kjbvv2l0wdy2yf91lbzbc-python3-3.11.15",
              "default": true
            },
            {
              "name": "debug",
              "path": "/nix/store/5c31d2083jijqh5kzqjr7qansicqbwkx-python3-3.11.15-debug"
            }
          ],
          "store_path": "/nix/store/m32vvvdbf03kjbvv2l0wdy2yf91lbzbc-python3-3.11.15"
        }
      }
    },
    "uv@latest": {
      "last_modified": "2026-07-23T05:10:05Z",
      "resolved": "github:NixOS/nixpkgs/7525d999cd850b9a488817abc89c75dc733acf17#uv",
      "source": "devbox-search",
      "version": "0.11.28",
      "systems": {
        "aarch64-darwin": {
          "outputs": [
            {
              "name": "out",
              "path": "/nix/store/yn36m1y6l2kmhx1dkqsmy3kf6acx77mz-uv-0.11.28",
              "default": true
            }
          ],
          "store_path": "/nix/store/yn36m1y6l2kmhx1dkqsmy3kf6acx77mz-uv-0.11.28"
        },
        "aarch64-linux": {
          "outputs": [
            {
              "name": "out",
              "path": "/nix/store/lj1akylx79l52f6yp3j2a55gf7s7vhx1-uv-0.11.28",
              "default": true
            }
          ],
          "store_path": "/nix/store/lj1akylx79l52f6yp3j2a55gf7s7vhx1-uv-0.11.28"
        },
        "x86_64-linux": {
          "outputs": [
            {
              "name": "out",
              "path": "/nix/store/zrq88ys031mx35ib1lb3xahcm4dsq71r-uv-0.11.28",
              "default": true
            }
          ],
          "store_path": "/nix/store/zrq88ys031mx35ib1lb3xahcm4dsq71r-uv-0.11.28"
        }
      }
    }
  }
}
