{
  "lockfile_version": "1",
  "packages": {
    "gh@latest": {
      "last_modified": "2026-10-02T22:55:44Z",
      "resolved": "github:NixOS/nixpkgs/55ba7f49ef2962b42cbd126522b7df5f95037679#gh",
      "source": "devbox-search",
      "version": "2.102.0",
      "systems": {
        "aarch64-darwin": {
          "outputs": [
            {
              "name": "out",
              "path": "/nix/store/mycijv4550jg5bp8334lf3vsd14fv0z2-gh-2.102.0",
              "default": true
            }
          ],
          "store_path": "/nix/store/mycijv4550jg5bp8334lf3vsd14fv0z2-gh-2.102.0"
        },
        "aarch64-linux": {
          "outputs": [
            {
              "name": "out",
              "path": "/nix/store/rlrivjqdqrsn18i05xs502g29d0r190k-gh-2.102.0",
              "default": true
            }
          ],
          "store_path": "/nix/store/rlrivjqdqrsn18i05xs502g29d0r190k-gh-2.102.0"
        },
        "x86_64-linux": {
          "outputs": [
            {
              "name": "out",
              "path": "/nix/store/xpy730cafcz4yxfkld96c9khcpq08kc2-gh-2.102.0",
              "default": true
            }
          ],
          "store_path": "/nix/store/xpy730cafcz4yxfkld96c9khcpq08kc2-gh-2.102.0"
        }
      }
    },
    "github:NixOS/nixpkgs/nixpkgs-unstable": {
      "last_modified": "2026-10-04T07:06:02Z",
      "resolved": "github:NixOS/nixpkgs/a322c65bf7233456788a9ebf03bc067db7dc090a?lastModified=1791097562&narHash=sha256-K9O9lG3UZNFCnwrz0ViWgP3Kgqukg1DvvzsrkFJfcvU%3D"
    },
    "gitleaks@latest": {
      "last_modified": "2026-10-02T22:55:44Z",
      "resolved": "github:NixOS/nixpkgs/55ba7f49ef2962b42cbd126522b7df5f95037679#gitleaks",
      "source": "devbox-search",
      "version": "8.30.1",
      "systems": {
        "aarch64-darwin": {
          "outputs": [
            {
              "name": "out",
              "path": "/nix/store/xya9ah03l0j4q2z2263iaxxvwmk3vmm5-gitleaks-8.30.1",
              "default": true
            }
          ],
          "store_path": "/nix/store/xya9ah03l0j4q2z2263iaxxvwmk3vmm5-gitleaks-8.30.1"
        },
        "aarch64-linux": {
          "outputs": [
            {
              "name": "out",
              "path": "/nix/store/m3k662p6dnspmyxyr7w330xrv71yc9qh-gitleaks-8.30.1",
              "default": true
            }
          ],
          "store_path": "/nix/store/m3k662p6dnspmyxyr7w330xrv71yc9qh-gitleaks-8.30.1"
        },
        "x86_64-darwin": {
          "outputs": [
            {
              "name": "out",
              "path": "/nix/store/v5x4dkl13y4nxhcaq4xmrwkidy44gv9p-gitleaks-8.30.1",
              "default": true
            }
          ],
          "store_path": "/nix/store/v5x4dkl13y4nxhcaq4xmrwkidy44gv9p-gitleaks-8.30.1"
        },
        "x86_64-linux": {
          "outputs": [
            {
              "name": "out",
              "path": "/nix/store/3k6vzgl1czix6ml8kkwwn1w7sd9v5nzf-gitleaks-8.30.1",
              "default": true
            }
          ],
          "store_path": "/nix/store/3k6vzgl1czix6ml8kkwwn1w7sd9v5nzf-gitleaks-8.30.1"
        }
      }
    },
    "kubernetes-helm@latest": {
      "last_modified": "2026-10-02T22:55:44Z",
      "resolved": "github:NixOS/nixpkgs/55ba7f49ef2962b42cbd126522b7df5f95037679#kubernetes-helm",
      "source": "devbox-search",
      "version": "4.3.0",
      "systems": {
        "aarch64-darwin": {
          "outputs": [
            {
              "name": "out",
              "path": "/nix/store/qhd7kv6grl3cz4p6hq5s5j4b90zlm0rg-kubernetes-helm-4.3.0",
              "default": true
            }
          ],
          "store_path": "/nix/store/qhd7kv6grl3cz4p6hq5s5j4b90zlm0rg-kubernetes-helm-4.3.0"
        },
        "aarch64-linux": {
          "outputs": [
            {
              "name": "out",
              "path": "/nix/store/3dq2j1jklnp519lp1sdiknhljlz91bzr-kubernetes-helm-4.3.0",
              "default": true
            }
          ],
          "store_path": "/nix/store/3dq2j1jklnp519lp1sdiknhljlz91bzr-kubernetes-helm-4.3.0"
        },
        "x86_64-linux": {
          "outputs": [
            {
              "name": "out",
              "path": "/nix/store/i46k66p14ci9yvr402cki6g6hqhb8raw-kubernetes-helm-4.3.0",
              "default": true
            }
          ],
          "store_path": "/nix/store/i46k66p14ci9yvr402cki6g6hqhb8raw-kubernetes-helm-4.3.0"
        }
      }
    },
    "python@3.14": {
      "last_modified": "2026-10-02T22:55:44Z",
      "plugin_version": "0.0.5",
      "resolved": "github:NixOS/nixpkgs/55ba7f49ef2962b42cbd126522b7df5f95037679#python3",
      "source": "devbox-search",
      "version": "3.14.7",
      "systems": {
        "aarch64-darwin": {
          "outputs": [
            {
              "name": "out",
              "path": "/nix/store/0kcws5blwbdyxqxjd1w8hjipz61xny3k-python3-3.14.7",
              "default": true
            }
          ],
          "store_path": "/nix/store/0kcws5blwbdyxqxjd1w8hjipz61xny3k-python3-3.14.7"
        },
        "aarch64-linux": {
          "outputs": [
            {
              "name": "out",
              "path": "/nix/store/81ag9nxz1flw3xjkv1vvqg8y2ipx2ins-python3-3.14.7",
              "default": true
            },
            {
              "name": "debug",
              "path": "/nix/store/srgw0rb4aiyycf9xw3dv3y89q627lkzy-python3-3.14.7-debug"
            }
          ],
          "store_path": "/nix/store/81ag9nxz1flw3xjkv1vvqg8y2ipx2ins-python3-3.14.7"
        },
        "x86_64-linux": {
          "outputs": [
            {
              "name": "out",
              "path": "/nix/store/lb41b0anx1f98y9y5s9mdv97gjgsq740-python3-3.14.7",
              "default": true
            },
            {
              "name": "debug",
              "path": "/nix/store/7wws7qhgbm7g979l50h4z7dwxbgbdbc9-python3-3.14.7-debug"
            }
          ],
          "store_path": "/nix/store/lb41b0anx1f98y9y5s9mdv97gjgsq740-python3-3.14.7"
        }
      }
    },
    "uv@latest": {
      "last_modified": "2026-10-02T22:55:44Z",
      "resolved": "github:NixOS/nixpkgs/55ba7f49ef2962b42cbd126522b7df5f95037679#uv",
      "source": "devbox-search",
      "version": "0.12.17",
      "systems": {
        "aarch64-darwin": {
          "outputs": [
            {
              "name": "out",
              "path": "/nix/store/956crlqxr9shs82arpb2ffsil0xln44y-uv-0.12.17",
              "default": true
            }
          ],
          "store_path": "/nix/store/956crlqxr9shs82arpb2ffsil0xln44y-uv-0.12.17"
        },
        "aarch64-linux": {
          "outputs": [
            {
              "name": "out",
              "path": "/nix/store/64q43jd62h1h6zcdh4ly2yk8vrlyjm4s-uv-0.12.17",
              "default": true
            }
          ],
          "store_path": "/nix/store/64q43jd62h1h6zcdh4ly2yk8vrlyjm4s-uv-0.12.17"
        },
        "x86_64-linux": {
          "outputs": [
            {
              "name": "out",
              "path": "/nix/store/wqpy2j3r0hjlmjyvq0wpd08rm5zn722y-uv-0.12.17",
              "default": true
            }
          ],
          "store_path": "/nix/store/wqpy2j3r0hjlmjyvq0wpd08rm5zn722y-uv-0.12.17"
        }
      }
    }
  }
}
